
Microsoft Visual Studio Solution File, Format Version 12.00
# Visual Studio Version 16
VisualStudioVersion = 16.0.31729.503
MinimumVisualStudioVersion = 10.0.40219.1
Project("{9A19103F-16F7-4668-BE54-9A1E7A4F7556}") = "LesbianDB", "LesbianDB\LesbianDB.csproj", "{DC89CFB8-85C7-405F-B061-C4BFB20B83BD}"
EndProject
Project("{9A19103F-16F7-4668-BE54-9A1E7A4F7556}") = "LesbianDB.Tests", "LesbianDB.Tests\LesbianDB.Tests.csproj", "{FC3D4203-C81C-4167-9780-F22B9B4A509F}"
EndProject
Project("{FAE04EC0-301F-11D3-BF4B-00C04F79EFBC}") = "LesbianDB.Server", "LesbianDB.Server\LesbianDB.Server.csproj", "{B5CA689B-F58C-457E-B063-04E913232075}"
EndProject
Global
	GlobalSection(SolutionConfigurationPlatforms) = preSolution
		Debug|Any CPU = Debug|Any CPU
		Release|Any CPU = Release|Any CPU
	EndGlobalSection
	GlobalSection(ProjectConfigurationPlatforms) = postSolution
		{DC89CFB8-85C7-405F-B061-C4BFB20B83BD}.Debug|Any CPU.ActiveCfg = Debug|Any CPU
		{DC89CFB8-85C7-405F-B061-C4BFB20B83BD}.Debug|Any CPU.Build.0 = Debug|Any CPU
		{DC89CFB8-85C7-405F-B061-C4BFB20B83BD}.Release|Any CPU.ActiveCfg = Release|Any CPU
		{DC89CFB8-85C7-405F-B061-C4BFB20B83BD}.Release|Any CPU.Build.0 = Release|Any CPU
		{FC3D4203-C81C-4167-9780-F22B9B4A509F}.Debug|Any CPU.ActiveCfg = Debug|Any CPU
		{FC3D4203-C81C-4167-9780-F22B9B4A509F}.Debug|Any CPU.Build.0 = Debug|Any CPU
		{FC3D4203-C81C-4167-9780-F22B9B4A509F}.Release|Any CPU.ActiveCfg = Release|Any CPU
		{FC3D4203-C81C-4167-9780-F22B9B4A509F}.Release|Any CPU.Build.0 = Release|Any CPU
		{B5CA689B-F58C-457E-B063-04E913232075}.Debug|Any CPU.ActiveCfg = Debug|Any CPU
		{B5CA689B-F58C-457E-B063-04E913232075}.Debug|Any CPU.Build.0 = Debug|Any CPU
		{B5CA689B-F58C-457E-B063-04E913232075}.Release|Any CPU.ActiveCfg = Release|Any CPU
		{B5CA689B-F58C-457E-B063-04E913232075}.Release|Any CPU.Build.0 = Release|Any CPU
	EndGlobalSection
	GlobalSection(SolutionProperties) = preSolution
		HideSolutionNode = FALSE
	EndGlobalSection
	GlobalSection(ExtensibilityGlobals) = postSolution
		SolutionGuid = {24694E73-BD54-46D2-B00E-9D541647E916}
	EndGlobalSection
EndGlobal
